
Microsoft Visual Studio Solution File, Format Version 12.00
# Visual Studio 15
VisualStudioVersion = 15.0.27703.2026
MinimumVisualStudioVersion = 10.0.40219.1
Project("{FAE04EC0-301F-11D3-BF4B-00C04F79EFBC}") = "XForms", "XForms\XForms.csproj", "{4BC12239-A066-426B-95A0-34396740FF04}"
EndProject
Global
	GlobalSection(SolutionConfigurationPlatforms) = preSolution
		Debug|Any CPU = Debug|Any CPU
		Release|Any CPU = Release|Any CPU
	EndGlobalSection
	GlobalSection(ProjectConfigurationPlatforms) = postSolution
		{4BC12239-A066-426B-95A0-34396740FF04}.Debug|Any CPU.ActiveCfg = Debug|Any CPU
		{4BC12239-A066-426B-95A0-34396740FF04}.Debug|Any CPU.Build.0 = Debug|Any CPU
		{4BC12239-A066-426B-95A0-34396740FF04}.Release|Any CPU.ActiveCfg = Release|Any CPU
		{4BC12239-A066-426B-95A0-34396740FF04}.Release|Any CPU.Build.0 = Release|Any CPU
	EndGlobalSection
	GlobalSection(SolutionProperties) = preSolution
		HideSolutionNode = FALSE
	EndGlobalSection
	GlobalSection(ExtensibilityGlobals) = postSolution
		SolutionGuid = {3559B34B-F9C7-4416-B7A8-4F58ACBDDC3D}
	EndGlobalSection
EndGlobal
